Microsoft Visual Studio Solution File, Format Version 12.00
# Visual Studio Version 16
VisualStudioVersion = 16.0.0.0
MinimumVisualStudioVersion = 16.0.0.0
Project("{9A19103F-16F7-4668-BE54-9A1E7A4F7556}") = "BlazorReloaded03.Server", "BlazorReloaded03.Server\BlazorReloaded03.Server.csproj", "{FA1C7BFC-5CC6-4B5D-A242-62953D3B6FB3}"
EndProject
Project("{9A19103F-16F7-4668-BE54-9A1E7A4F7556}") = "BlazorReloaded03.Client", "BlazorReloaded03.Client\BlazorReloaded03.Client.csproj", "{C487445C-85E6-47A5-8B67-7A260171A7A5}"
EndProject
Project("{9A19103F-16F7-4668-BE54-9A1E7A4F7556}") = "BlazorReloaded03.Shared", "BlazorReloaded03.Shared\BlazorReloaded03.Shared.csproj", "{23C93283-DF0D-43BE-BBCD-A36EBFD81E0F}"
EndProject
Global
	GlobalSection(SolutionConfigurationPlatforms) = preSolution
		Debug|Any CPU = Debug|Any CPU
		Debug|x64 = Debug|x64
		Debug|x86 = Debug|x86
		Release|Any CPU = Release|Any CPU
		Release|x64 = Release|x64
		Release|x86 = Release|x86
	EndGlobalSection
	GlobalSection(ProjectConfigurationPlatforms) = postSolution
		{C487445C-85E6-47A5-8B67-7A260171A7A5}.Debug|Any CPU.ActiveCfg = Debug|Any CPU
		{C487445C-85E6-47A5-8B67-7A260171A7A5}.Debug|Any CPU.Build.0 = Debug|Any CPU
		{C487445C-85E6-47A5-8B67-7A260171A7A5}.Debug|x64.ActiveCfg = Debug|Any CPU
		{C487445C-85E6-47A5-8B67-7A260171A7A5}.Debug|x64.Build.0 = Debug|Any CPU
		{C487445C-85E6-47A5-8B67-7A260171A7A5}.Debug|x86.ActiveCfg = Debug|Any CPU
		{C487445C-85E6-47A5-8B67-7A260171A7A5}.Debug|x86.Build.0 = Debug|Any CPU
		{C487445C-85E6-47A5-8B67-7A260171A7A5}.Release|Any CPU.ActiveCfg = Release|Any CPU
		{C487445C-85E6-47A5-8B67-7A260171A7A5}.Release|Any CPU.Build.0 = Release|Any CPU
		{C487445C-85E6-47A5-8B67-7A260171A7A5}.Release|x64.ActiveCfg = Release|Any CPU
		{C487445C-85E6-47A5-8B67-7A260171A7A5}.Release|x64.Build.0 = Release|Any CPU
		{C487445C-85E6-47A5-8B67-7A260171A7A5}.Release|x86.ActiveCfg = Release|Any CPU
		{C487445C-85E6-47A5-8B67-7A260171A7A5}.Release|x86.Build.0 = Release|Any CPU
		{FA1C7BFC-5CC6-4B5D-A242-62953D3B6FB3}.Debug|Any CPU.ActiveCfg = Debug|Any CPU
		{FA1C7BFC-5CC6-4B5D-A242-62953D3B6FB3}.Debug|Any CPU.Build.0 = Debug|Any CPU
		{FA1C7BFC-5CC6-4B5D-A242-62953D3B6FB3}.Debug|x64.ActiveCfg = Debug|Any CPU
		{FA1C7BFC-5CC6-4B5D-A242-62953D3B6FB3}.Debug|x64.Build.0 = Debug|Any CPU
		{FA1C7BFC-5CC6-4B5D-A242-62953D3B6FB3}.Debug|x86.ActiveCfg = Debug|Any CPU
		{FA1C7BFC-5CC6-4B5D-A242-62953D3B6FB3}.Debug|x86.Build.0 = Debug|Any CPU
		{FA1C7BFC-5CC6-4B5D-A242-62953D3B6FB3}.Release|Any CPU.ActiveCfg = Release|Any CPU
		{FA1C7BFC-5CC6-4B5D-A242-62953D3B6FB3}.Release|Any CPU.Build.0 = Release|Any CPU
		{FA1C7BFC-5CC6-4B5D-A242-62953D3B6FB3}.Release|x64.ActiveCfg = Release|Any CPU
		{FA1C7BFC-5CC6-4B5D-A242-62953D3B6FB3}.Release|x64.Build.0 = Release|Any CPU
		{FA1C7BFC-5CC6-4B5D-A242-62953D3B6FB3}.Release|x86.ActiveCfg = Release|Any CPU
		{FA1C7BFC-5CC6-4B5D-A242-62953D3B6FB3}.Release|x86.Build.0 = Release|Any CPU
		{23C93283-DF0D-43BE-BBCD-A36EBFD81E0F}.Debug|Any CPU.ActiveCfg = Debug|Any CPU
		{23C93283-DF0D-43BE-BBCD-A36EBFD81E0F}.Debug|Any CPU.Build.0 = Debug|Any CPU
		{23C93283-DF0D-43BE-BBCD-A36EBFD81E0F}.Debug|x64.ActiveCfg = Debug|Any CPU
		{23C93283-DF0D-43BE-BBCD-A36EBFD81E0F}.Debug|x64.Build.0 = Debug|Any CPU
		{23C93283-DF0D-43BE-BBCD-A36EBFD81E0F}.Debug|x86.ActiveCfg = Debug|Any CPU
		{23C93283-DF0D-43BE-BBCD-A36EBFD81E0F}.Debug|x86.Build.0 = Debug|Any CPU
		{23C93283-DF0D-43BE-BBCD-A36EBFD81E0F}.Release|Any CPU.ActiveCfg = Release|Any CPU
		{23C93283-DF0D-43BE-BBCD-A36EBFD81E0F}.Release|Any CPU.Build.0 = Release|Any CPU
		{23C93283-DF0D-43BE-BBCD-A36EBFD81E0F}.Release|x64.ActiveCfg = Release|Any CPU
		{23C93283-DF0D-43BE-BBCD-A36EBFD81E0F}.Release|x64.Build.0 = Release|Any CPU
		{23C93283-DF0D-43BE-BBCD-A36EBFD81E0F}.Release|x86.ActiveCfg = Release|Any CPU
		{23C93283-DF0D-43BE-BBCD-A36EBFD81E0F}.Release|x86.Build.0 = Release|Any CPU
	EndGlobalSection
	GlobalSection(SolutionProperties) = preSolution
		HideSolutionNode = FALSE
	EndGlobalSection
	GlobalSection(ExtensibilityGlobals) = postSolution
		SolutionGuid = {661797C0-4BDD-4D1C-8F8F-979C77EE0CBC}
	EndGlobalSection
EndGlobal
